
Microsoft Visual Studio Solution File, Format Version 12.00
# Visual Studio Version 17
VisualStudioVersion = 17.4.33213.308
MinimumVisualStudioVersion = 10.0.40219.1
Project("{FAE04EC0-301F-11D3-BF4B-00C04F79EFBC}") = "ProductService", "ProductService\ProductService.csproj", "{9620FE6B-39BE-4980-87E0-487B3B9A40C7}"
EndProject
Project("{FAE04EC0-301F-11D3-BF4B-00C04F79EFBC}") = "APIGateway", "APIGateway\APIGateway.csproj", "{2AADD04C-3960-48A6-AA58-8CDF3FDDAFF1}"
EndProject
Global
	GlobalSection(SolutionConfigurationPlatforms) = preSolution
		Debug|Any CPU = Debug|Any CPU
		Release|Any CPU = Release|Any CPU
	EndGlobalSection
	GlobalSection(ProjectConfigurationPlatforms) = postSolution
		{9620FE6B-39BE-4980-87E0-487B3B9A40C7}.Debug|Any CPU.ActiveCfg = Debug|Any CPU
		{9620FE6B-39BE-4980-87E0-487B3B9A40C7}.Debug|Any CPU.Build.0 = Debug|Any CPU
		{9620FE6B-39BE-4980-87E0-487B3B9A40C7}.Release|Any CPU.ActiveCfg = Release|Any CPU
		{9620FE6B-39BE-4980-87E0-487B3B9A40C7}.Release|Any CPU.Build.0 = Release|Any CPU
		{2AADD04C-3960-48A6-AA58-8CDF3FDDAFF1}.Debug|Any CPU.ActiveCfg = Debug|Any CPU
		{2AADD04C-3960-48A6-AA58-8CDF3FDDAFF1}.Debug|Any CPU.Build.0 = Debug|Any CPU
		{2AADD04C-3960-48A6-AA58-8CDF3FDDAFF1}.Release|Any CPU.ActiveCfg = Release|Any CPU
		{2AADD04C-3960-48A6-AA58-8CDF3FDDAFF1}.Release|Any CPU.Build.0 = Release|Any CPU
	EndGlobalSection
	GlobalSection(SolutionProperties) = preSolution
		HideSolutionNode = FALSE
	EndGlobalSection
	GlobalSection(ExtensibilityGlobals) = postSolution
		SolutionGuid = {764F40D1-349E-442F-9068-84783BA922AE}
	EndGlobalSection
EndGlobal
